// !$*UTF8*$!
{
	archiveVersion = 1;
	classes = {
	};
	objectVersion = 46;
	objects = {

/* Begin PBXBuildFile section */
		BB0CB9721D753308008246BD /* AppDelegate.swift in Sources */ = {isa = PBXBuildFile; fileRef = BB0CB9711D753308008246BD /* AppDelegate.swift */; };
		BB0CB9741D753308008246BD /* ViewController.swift in Sources */ = {isa = PBXBuildFile; fileRef = BB0CB9731D753308008246BD /* ViewController.swift */; };
		BB0CB9771D753308008246BD /* Main.storyboard in Resources */ = {isa = PBXBuildFile; fileRef = BB0CB9751D753308008246BD /* Main.storyboard */; };
		BB0CB9791D753308008246BD /* Assets.xcassets in Resources */ = {isa = PBXBuildFile; fileRef = BB0CB9781D753308008246BD /* Assets.xcassets */; };
		BB0CB97C1D753308008246BD /* LaunchScreen.storyboard in Resources */ = {isa = PBXBuildFile; fileRef = BB0CB97A1D753308008246BD /* LaunchScreen.storyboard */; };
/* End PBXBuildFile section */

/* Begin PBXFileReference section */
		BB0CB96E1D753308008246BD /* BackgroundFetchTest.app */ = {isa = PBXFileReference; explicitFileType = wrapper.application; includeInIndex = 0; path = BackgroundFetchTest.app; sourceTree = BUILT_PRODUCTS_DIR; };
		BB0CB9711D753308008246BD /* AppDelegate.swift */ = {isa = PBXFileReference; lastKnownFileType = sourcecode.swift; path = AppDelegate.swift; sourceTree = "<group>"; };
		BB0CB9731D753308008246BD /* ViewController.swift */ = {isa = PBXFileReference; lastKnownFileType = sourcecode.swift; path = ViewController.swift; sourceTree = "<group>"; };
		BB0CB9761D753308008246BD /* Base */ = {isa = PBXFileReference; lastKnownFileType = file.storyboard; name = Base; path = Base.lproj/Main.storyboard; sourceTree = "<group>"; };
		BB0CB9781D753308008246BD /* Assets.xcassets */ = {isa = PBXFileReference; lastKnownFileType = folder.assetcatalog; path = Assets.xcassets; sourceTree = "<group>"; };
		BB0CB97B1D753308008246BD /* Base */ = {isa = PBXFileReference; lastKnownFileType = file.storyboard; name = Base; path = Base.lproj/LaunchScreen.storyboard; sourceTree = "<group>"; };
		BB0CB97D1D753308008246BD /* Info.plist */ = {isa = PBXFileReference; lastKnownFileType = text.plist.xml; path = Info.plist; sourceTree = "<group>"; };
		BB0CB9961D7903BF008246BD /* BackgroundFetchTest.entitlements */ = {isa = PBXFileReference; lastKnownFileType = text.xml; path = BackgroundFetchTest.entitlements; sourceTree = "<group>"; };
/* End PBXFileReference section */

/* Begin PBXFrameworksBuildPhase section */
		BB0CB96B1D753308008246BD /* Frameworks */ = {
			isa = PBXFrameworksBuildPhase;
			buildActionMask = 2147483647;
			files = (
			);
			runOnlyForDeploymentPostprocessing = 0;
		};
/* End PBXFrameworksBuildPhase section */

/* Begin PBXGroup section */
		BB0CB9651D753308008246BD = {
			isa = PBXGroup;
			children = (
				BB0CB9701D753308008246BD /* BackgroundFetchTest */,
				BB0CB96F1D753308008246BD /* Products */,
			);
			sourceTree = "<group>";
		};
		BB0CB96F1D753308008246BD /* Products */ = {
			isa = PBXGroup;
			children = (
				BB0CB96E1D753308008246BD /* BackgroundFetchTest.app */,
			);
			name = Products;
			sourceTree = "<group>";
		};
		BB0CB9701D753308008246BD /* BackgroundFetchTest */ = {
			isa = PBXGroup;
			children = (
				BB0CB9961D7903BF008246BD /* BackgroundFetchTest.entitlements */,
				BB0CB9711D753308008246BD /* AppDelegate.swift */,
				BB0CB9731D753308008246BD /* ViewController.swift */,
				BB0CB9751D753308008246BD /* Main.storyboard */,
				BB0CB9781D753308008246BD /* Assets.xcassets */,
				BB0CB97A1D753308008246BD /* LaunchScreen.storyboard */,
				BB0CB97D1D753308008246BD /* Info.plist */,
			);
			path = BackgroundFetchTest;
			sourceTree = "<group>";
		};
/* End PBXGroup section */

/* Begin PBXNativeTarget section */
		BB0CB96D1D753308008246BD /* BackgroundFetchTest */ = {
			isa = PBXNativeTarget;
			buildConfigurationList = BB0CB9801D753308008246BD /* Build configuration list for PBXNativeTarget "BackgroundFetchTest" */;
			buildPhases = (
				BB0CB96A1D753308008246BD /* Sources */,
				BB0CB96B1D753308008246BD /* Frameworks */,
				BB0CB96C1D753308008246BD /* Resources */,
			);
			buildRules = (
			);
			dependencies = (
			);
			name = BackgroundFetchTest;
			productName = BackgroundFetchTest;
			productReference = BB0CB96E1D753308008246BD /* BackgroundFetchTest.app */;
			productType = "com.apple.product-type.application";
		};
/* End PBXNativeTarget section */

/* Begin PBXProject section */
		BB0CB9661D753308008246BD /* Project object */ = {
			isa = PBXProject;
			attributes = {
				LastSwiftUpdateCheck = 0730;
				LastUpgradeCheck = 0730;
				ORGANIZATIONNAME = "Paul Wilkinson";
				TargetAttributes = {
					BB0CB96D1D753308008246BD = {
						CreatedOnToolsVersion = 7.3.1;
						DevelopmentTeam = UPP93EJ3U2;
						SystemCapabilities = {
							com.apple.BackgroundModes = {
								enabled = 1;
							};
							com.apple.Keychain = {
								enabled = 1;
							};
						};
					};
				};
			};
			buildConfigurationList = BB0CB9691D753308008246BD /* Build configuration list for PBXProject "BackgroundFetchTest" */;
			compatibilityVersion = "Xcode 3.2";
			developmentRegion = English;
			hasScannedForEncodings = 0;
			knownRegions = (
				en,
				Base,
			);
			mainGroup = BB0CB9651D753308008246BD;
			productRefGroup = BB0CB96F1D753308008246BD /* Products */;
			projectDirPath = "";
			projectRoot = "";
			targets = (
				BB0CB96D1D753308008246BD /* BackgroundFetchTest */,
			);
		};
/* End PBXProject section */

/* Begin PBXResourcesBuildPhase section */
		BB0CB96C1D753308008246BD /* Resources */ = {
			isa = PBXResourcesBuildPhase;
			buildActionMask = 2147483647;
			files = (
				BB0CB97C1D753308008246BD /* LaunchScreen.storyboard in Resources */,
				BB0CB9791D753308008246BD /* Assets.xcassets in Resources */,
				BB0CB9771D753308008246BD /* Main.storyboard in Resources */,
			);
			runOnlyForDeploymentPostprocessing = 0;
		};
/* End PBXResourcesBuildPhase section */

/* Begin PBXSourcesBuildPhase section */
		BB0CB96A1D753308008246BD /* Sources */ = {
			isa = PBXSourcesBuildPhase;
			buildActionMask = 2147483647;
			files = (
				BB0CB9741D753308008246BD /* ViewController.swift in Sources */,
				BB0CB9721D753308008246BD /* AppDelegate.swift in Sources */,
			);
			runOnlyForDeploymentPostprocessing = 0;
		};
/* End PBXSourcesBuildPhase section */

/* Begin PBXVariantGroup section */
		BB0CB9751D753308008246BD /* Main.storyboard */ = {
			isa = PBXVariantGroup;
			children = (
				BB0CB9761D753308008246BD /* Base */,
			);
			name = Main.storyboard;
			sourceTree = "<group>";
		};
		BB0CB97A1D753308008246BD /* LaunchScreen.storyboard */ = {
			isa = PBXVariantGroup;
			children = (
				BB0CB97B1D753308008246BD /* Base */,
			);
			name = LaunchScreen.storyboard;
			sourceTree = "<group>";
		};
/* End PBXVariantGroup section */

/* Begin XCBuildConfiguration section */
		BB0CB97E1D753308008246BD /* Debug */ = {
			isa = XCBuildConfiguration;
			buildSettings = {
				ALWAYS_SEARCH_USER_PATHS = NO;
				CLANG_ANALYZER_NONNULL = YES;
				CLANG_CXX_LANGUAGE_STANDARD = "gnu++0x";
				CLANG_CXX_LIBRARY = "libc++";
				CLANG_ENABLE_MODULES = YES;
				CLANG_ENABLE_OBJC_ARC = YES;
				CLANG_WARN_BOOL_CONVERSION = YES;
				CLANG_WARN_CONSTANT_CONVERSION = YES;
				CLANG_WARN_DIRECT_OBJC_ISA_USAGE = YES_ERROR;
				CLANG_WARN_EMPTY_BODY = YES;
				CLANG_WARN_ENUM_CONVERSION = YES;
				CLANG_WARN_INT_CONVERSION = YES;
				CLANG_WARN_OBJC_ROOT_CLASS = YES_ERROR;
				CLANG_WARN_UNREACHABLE_CODE = YES;
				CLANG_WARN__DUPLICATE_METHOD_MATCH = YES;
				"CODE_SIGN_IDENTITY[sdk=iphoneos*]" = "iPhone Developer";
				COPY_PHASE_STRIP = NO;
				DEBUG_INFORMATION_FORMAT = dwarf;
				ENABLE_STRICT_OBJC_MSGSEND = YES;
				ENABLE_TESTABILITY = YES;
				GCC_C_LANGUAGE_STANDARD = gnu99;
				GCC_DYNAMIC_NO_PIC = NO;
				GCC_NO_COMMON_BLOCKS = YES;
				GCC_OPTIMIZATION_LEVEL = 0;
				GCC_PREPROCESSOR_DEFINITIONS = (
					"DEBUG=1",
					"$(inherited)",
				);
				GCC_WARN_64_TO_32_BIT_CONVERSION = YES;
				GCC_WARN_ABOUT_RETURN_TYPE = YES_ERROR;
				GCC_WARN_UNDECLARED_SELECTOR = YES;
				GCC_WARN_UNINITIALIZED_AUTOS = YES_AGGRESSIVE;
				GCC_WARN_UNUSED_FUNCTION = YES;
				GCC_WARN_UNUSED_VARIABLE = YES;
				IPHONEOS_DEPLOYMENT_TARGET = 9.3;
				MTL_ENABLE_DEBUG_INFO = YES;
				ONLY_ACTIVE_ARCH = YES;
				SDKROOT = iphoneos;
				SWIFT_OPTIMIZATION_LEVEL = "-Onone";
				TARGETED_DEVICE_FAMILY = "1,2";
			};
			name = Debug;
		};
		BB0CB97F1D753308008246BD /* Release */ = {
			isa = XCBuildConfiguration;
			buildSettings = {
				ALWAYS_SEARCH_USER_PATHS = NO;
				CLANG_ANALYZER_NONNULL = YES;
				CLANG_CXX_LANGUAGE_STANDARD = "gnu++0x";
				CLANG_CXX_LIBRARY = "libc++";
				CLANG_ENABLE_MODULES = YES;
				CLANG_ENABLE_OBJC_ARC = YES;
				CLANG_WARN_BOOL_CONVERSION = YES;
				CLANG_WARN_CONSTANT_CONVERSION = YES;
				CLANG_WARN_DIRECT_OBJC_ISA_USAGE = YES_ERROR;
				CLANG_WARN_EMPTY_BODY = YES;
				CLANG_WARN_ENUM_CONVERSION = YES;
				CLANG_WARN_INT_CONVERSION = YES;
				CLANG_WARN_OBJC_ROOT_CLASS = YES_ERROR;
				CLANG_WARN_UNREACHABLE_CODE = YES;
				CLANG_WARN__DUPLICATE_METHOD_MATCH = YES;
				"CODE_SIGN_IDENTITY[sdk=iphoneos*]" = "iPhone Developer";
				COPY_PHASE_STRIP = NO;
				DEBUG_INFORMATION_FORMAT = "dwarf-with-dsym";
				ENABLE_NS_ASSERTIONS = NO;
				ENABLE_STRICT_OBJC_MSGSEND = YES;
				GCC_C_LANGUAGE_STANDARD = gnu99;
				GCC_NO_COMMON_BLOCKS = YES;
				GCC_WARN_64_TO_32_BIT_CONVERSION = YES;
				GCC_WARN_ABOUT_RETURN_TYPE = YES_ERROR;
				GCC_WARN_UNDECLARED_SELECTOR = YES;
				GCC_WARN_UNINITIALIZED_AUTOS = YES_AGGRESSIVE;
				GCC_WARN_UNUSED_FUNCTION = YES;
				GCC_WARN_UNUSED_VARIABLE = YES;
				IPHONEOS_DEPLOYMENT_TARGET = 9.3;
				MTL_ENABLE_DEBUG_INFO = NO;
				SDKROOT = iphoneos;
				TARGETED_DEVICE_FAMILY = "1,2";
				VALIDATE_PRODUCT = YES;
			};
			name = Release;
		};
		BB0CB9811D753308008246BD /* Debug */ = {
			isa = XCBuildConfiguration;
			buildSettings = {
				ASSETCATALOG_COMPILER_APPICON_NAME = AppIcon;
				CODE_SIGN_ENTITLEMENTS = BackgroundFetchTest/BackgroundFetchTest.entitlements;
				INFOPLIST_FILE = BackgroundFetchTest/Info.plist;
				LD_RUNPATH_SEARCH_PATHS = "$(inherited) @executable_path/Frameworks";
				PRODUCT_BUNDLE_IDENTIFIER = me.wilko.BackgroundFetchTest;
				PRODUCT_NAME = "$(TARGET_NAME)";
			};
			name = Debug;
		};
		BB0CB9821D753308008246BD /* Release */ = {
			isa = XCBuildConfiguration;
			buildSettings = {
				ASSETCATALOG_COMPILER_APPICON_NAME = AppIcon;
				CODE_SIGN_ENTITLEMENTS = BackgroundFetchTest/BackgroundFetchTest.entitlements;
				INFOPLIST_FILE = BackgroundFetchTest/Info.plist;
				LD_RUNPATH_SEARCH_PATHS = "$(inherited) @executable_path/Frameworks";
				PRODUCT_BUNDLE_IDENTIFIER = me.wilko.BackgroundFetchTest;
				PRODUCT_NAME = "$(TARGET_NAME)";
			};
			name = Release;
		};
/* End XCBuildConfiguration section */

/* Begin XCConfigurationList section */
		BB0CB9691D753308008246BD /* Build configuration list for PBXProject "BackgroundFetchTest" */ = {
			isa = XCConfigurationList;
			buildConfigurations = (
				BB0CB97E1D753308008246BD /* Debug */,
				BB0CB97F1D753308008246BD /* Release */,
			);
			defaultConfigurationIsVisible = 0;
			defaultConfigurationName = Release;
		};
		BB0CB9801D753308008246BD /* Build configuration list for PBXNativeTarget "BackgroundFetchTest" */ = {
			isa = XCConfigurationList;
			buildConfigurations = (
				BB0CB9811D753308008246BD /* Debug */,
				BB0CB9821D753308008246BD /* Release */,
			);
			defaultConfigurationIsVisible = 0;
		};
/* End XCConfigurationList section */
	};
	rootObject = BB0CB9661D753308008246BD /* Project object */;
}
